
Microsoft Visual Studio Solution File, Format Version 12.00
# Visual Studio Version 16
VisualStudioVersion = 16.0.31702.278
MinimumVisualStudioVersion = 10.0.40219.1
Project("{2150E333-8FDC-42A3-9474-1A3956D46DE8}") = "Services", "Services", "{36115D13-E085-4B18-8CCA-6857223DB2AB}"
EndProject
Project("{2150E333-8FDC-42A3-9474-1A3956D46DE8}") = "ApiGateways", "ApiGateways", "{9796A555-F5B1-40E8-8FEE-638E74F876E0}"
EndProject
Project("{9A19103F-16F7-4668-BE54-9A1E7A4F7556}") = "ApiGateway", "ApiGateway\ApiGateway.csproj", "{32293B6C-CB56-40D3-B760-193EB816787E}"
EndProject
Project("{2150E333-8FDC-42A3-9474-1A3956D46DE8}") = "Library", "Library", "{73DE656A-EC9B-4E02-895B-C06D8D6B5EE5}"
EndProject
Project("{2150E333-8FDC-42A3-9474-1A3956D46DE8}") = "Test", "Test", "{0C2BB37C-A655-47E1-8721-2C8494344B6B}"
EndProject
Project("{2150E333-8FDC-42A3-9474-1A3956D46DE8}") = "Web", "Web", "{69A346EC-2F4C-41DB-9506-F76BF8D7B5E6}"
EndProject
Project("{9A19103F-16F7-4668-BE54-9A1E7A4F7556}") = "BookingAppoimentService", "BookingAppoimentService\BookingAppoimentService.csproj", "{F3A90998-CDE2-40AA-BD00-1C3E87E10292}"
EndProject
Project("{9A19103F-16F7-4668-BE54-9A1E7A4F7556}") = "HealCheckService", "HealCheckService\HealCheckService.csproj", "{726A2C63-581C-4C59-8688-C14F1467FD07}"
EndProject
Project("{9A19103F-16F7-4668-BE54-9A1E7A4F7556}") = "ScheduleService", "ScheduleService\ScheduleService.csproj", "{D1BAEA35-BB1D-489D-9973-C03E6CA1511A}"
EndProject
Project("{9A19103F-16F7-4668-BE54-9A1E7A4F7556}") = "AppointmentService", "AppointmentService\AppointmentService.csproj", "{8DBF1C79-4587-44E7-8B94-17E13DF7DBF7}"
EndProject
Project("{9A19103F-16F7-4668-BE54-9A1E7A4F7556}") = "AuthService", "AuthService\AuthService.csproj", "{3993EA51-A23E-436F-8965-F7E5F400E4CB}"
EndProject
Project("{9A19103F-16F7-4668-BE54-9A1E7A4F7556}") = "PatientService", "PatientService\PatientService.csproj", "{E032AFFC-A6BA-4C95-8F9A-CA17A7B117F1}"
EndProject
Project("{9A19103F-16F7-4668-BE54-9A1E7A4F7556}") = "SearchService", "SearchService\SearchService.csproj", "{5F4BC958-962E-4A36-8D99-6DF07FA1652C}"
EndProject
Project("{9A19103F-16F7-4668-BE54-9A1E7A4F7556}") = "MedicineService", "MedicineService\MedicineService.csproj", "{D617CAF4-C65E-4FB8-8E45-72A9778C8464}"
EndProject
Project("{9A19103F-16F7-4668-BE54-9A1E7A4F7556}") = "PresciptionService", "PresciptionService\PresciptionService.csproj", "{89F86D91-9FDB-4FCB-B96B-330E87A10D5E}"
EndProject
Project("{9A19103F-16F7-4668-BE54-9A1E7A4F7556}") = "MedicalRecordService", "MedicalRecordService\MedicalRecordService.csproj", "{56AC2B01-FF58-4E02-96DF-C661BB61E63B}"
EndProject
Project("{9A19103F-16F7-4668-BE54-9A1E7A4F7556}") = "ManagementService", "ManagementService\ManagementService.csproj", "{3DBC3C18-9B22-48D7-B7DC-B3F1E1D79B9A}"
EndProject
Project("{9A19103F-16F7-4668-BE54-9A1E7A4F7556}") = "FamilyHealthCare.UnitTest", "FamilyHealthCare.UnitTest\FamilyHealthCare.UnitTest.csproj", "{F0E60D19-4EF1-4392-9FAD-C1060258989F}"
EndProject
Project("{9A19103F-16F7-4668-BE54-9A1E7A4F7556}") = "Contract", "Contract\Contract.csproj", "{8B48ADB6-757A-4334-AB19-DA4CB77B9B1E}"
EndProject
Project("{9A19103F-16F7-4668-BE54-9A1E7A4F7556}") = "Business", "Business\Business.csproj", "{CCB0B48F-25E2-40EA-A01D-86F218DEE535}"
EndProject
Project("{9A19103F-16F7-4668-BE54-9A1E7A4F7556}") = "Data", "Data\Data.csproj", "{7FDEC0F4-C7B9-4236-A7D9-AE0DCC5F393B}"
EndProject
Project("{9A19103F-16F7-4668-BE54-9A1E7A4F7556}") = "FamilyHealthCare.Customer", "FamilyHealthCare.Web\FamilyHealthCare.Customer.csproj", "{96ED566B-ECDD-47F0-808D-6D3139E66FA1}"
Project("{9A19103F-16F7-4668-BE54-9A1E7A4F7556}") = "FamilyHealCare.IntegationTest", "FamilyHealCare.IntegationTest\FamilyHealCare.IntegationTest.csproj", "{1E671C0E-203E-44D8-A0B9-070910D0D572}"
EndProject
Project("{9A19103F-16F7-4668-BE54-9A1E7A4F7556}") = "FamilyHealthCare.Web", "FamilyHealthCare.Web\FamilyHealthCare.Web.csproj", "{96ED566B-ECDD-47F0-808D-6D3139E66FA1}"
EndProject
Project("{9A19103F-16F7-4668-BE54-9A1E7A4F7556}") = "FamilyHealthCare.Test", "FamilyHealthCare.Test\FamilyHealthCare.Test.csproj", "{78CAF872-FB65-4507-8AA2-90866F7545AB}"
EndProject
Project("{9A19103F-16F7-4668-BE54-9A1E7A4F7556}") = "IdentityService", "IdentityService\IdentityService.csproj", "{B697A24D-81ED-4075-AC9E-4CC06714A145}"
EndProject
Project("{9A19103F-16F7-4668-BE54-9A1E7A4F7556}") = "FamilyHealthCare.IntegationTest", "FamilyHealCare.IntegationTest\FamilyHealthCare.IntegationTest.csproj", "{EEAD72F5-83A6-4775-A31C-B6DA3BF69A95}"
EndProject
Project("{9A19103F-16F7-4668-BE54-9A1E7A4F7556}") = "FamilyHealthCare.WebAdmin", "FamilyHealthCare.WebAdmin\FamilyHealthCare.WebAdmin.csproj", "{910757ED-8189-4E9E-ABED-B2E433E79642}"
EndProject
Project("{9A19103F-16F7-4668-BE54-9A1E7A4F7556}") = "FamilyHealthCare.SharedLibrary", "FamilyHealthCare.SharedLibrary\FamilyHealthCare.SharedLibrary.csproj", "{CB4DA355-2352-4464-91B2-6F5C39E2B0A5}"
Project("{9A19103F-16F7-4668-BE54-9A1E7A4F7556}") = "FHC.Web", "FHC.Web\FHC.Web.csproj", "{55D7EF14-86C0-4E36-9DB8-B5500F7C4271}"
EndProject
Project("{9A19103F-16F7-4668-BE54-9A1E7A4F7556}") = "FamilyHealthCare.WebAdmin", "FamilyHealthCare.WebAdmin\FamilyHealthCare.WebAdmin.csproj", "{910757ED-8189-4E9E-ABED-B2E433E79642}"
EndProject
Global
	GlobalSection(SolutionConfigurationPlatforms) = preSolution
		Debug|Any CPU = Debug|Any CPU
		Release|Any CPU = Release|Any CPU
	EndGlobalSection
	GlobalSection(ProjectConfigurationPlatforms) = postSolution
		{32293B6C-CB56-40D3-B760-193EB816787E}.Debug|Any CPU.ActiveCfg = Debug|Any CPU
		{32293B6C-CB56-40D3-B760-193EB816787E}.Debug|Any CPU.Build.0 = Debug|Any CPU
		{32293B6C-CB56-40D3-B760-193EB816787E}.Release|Any CPU.ActiveCfg = Release|Any CPU
		{32293B6C-CB56-40D3-B760-193EB816787E}.Release|Any CPU.Build.0 = Release|Any CPU
		{F3A90998-CDE2-40AA-BD00-1C3E87E10292}.Debug|Any CPU.ActiveCfg = Debug|Any CPU
		{F3A90998-CDE2-40AA-BD00-1C3E87E10292}.Debug|Any CPU.Build.0 = Debug|Any CPU
		{F3A90998-CDE2-40AA-BD00-1C3E87E10292}.Release|Any CPU.ActiveCfg = Release|Any CPU
		{F3A90998-CDE2-40AA-BD00-1C3E87E10292}.Release|Any CPU.Build.0 = Release|Any CPU
		{726A2C63-581C-4C59-8688-C14F1467FD07}.Debug|Any CPU.ActiveCfg = Debug|Any CPU
		{726A2C63-581C-4C59-8688-C14F1467FD07}.Debug|Any CPU.Build.0 = Debug|Any CPU
		{726A2C63-581C-4C59-8688-C14F1467FD07}.Release|Any CPU.ActiveCfg = Release|Any CPU
		{726A2C63-581C-4C59-8688-C14F1467FD07}.Release|Any CPU.Build.0 = Release|Any CPU
		{D1BAEA35-BB1D-489D-9973-C03E6CA1511A}.Debug|Any CPU.ActiveCfg = Debug|Any CPU
		{D1BAEA35-BB1D-489D-9973-C03E6CA1511A}.Debug|Any CPU.Build.0 = Debug|Any CPU
		{D1BAEA35-BB1D-489D-9973-C03E6CA1511A}.Release|Any CPU.ActiveCfg = Release|Any CPU
		{D1BAEA35-BB1D-489D-9973-C03E6CA1511A}.Release|Any CPU.Build.0 = Release|Any CPU
		{8DBF1C79-4587-44E7-8B94-17E13DF7DBF7}.Debug|Any CPU.ActiveCfg = Debug|Any CPU
		{8DBF1C79-4587-44E7-8B94-17E13DF7DBF7}.Debug|Any CPU.Build.0 = Debug|Any CPU
		{8DBF1C79-4587-44E7-8B94-17E13DF7DBF7}.Release|Any CPU.ActiveCfg = Release|Any CPU
		{8DBF1C79-4587-44E7-8B94-17E13DF7DBF7}.Release|Any CPU.Build.0 = Release|Any CPU
		{3993EA51-A23E-436F-8965-F7E5F400E4CB}.Debug|Any CPU.ActiveCfg = Debug|Any CPU
		{3993EA51-A23E-436F-8965-F7E5F400E4CB}.Debug|Any CPU.Build.0 = Debug|Any CPU
		{3993EA51-A23E-436F-8965-F7E5F400E4CB}.Release|Any CPU.ActiveCfg = Release|Any CPU
		{3993EA51-A23E-436F-8965-F7E5F400E4CB}.Release|Any CPU.Build.0 = Release|Any CPU
		{E032AFFC-A6BA-4C95-8F9A-CA17A7B117F1}.Debug|Any CPU.ActiveCfg = Debug|Any CPU
		{E032AFFC-A6BA-4C95-8F9A-CA17A7B117F1}.Debug|Any CPU.Build.0 = Debug|Any CPU
		{E032AFFC-A6BA-4C95-8F9A-CA17A7B117F1}.Release|Any CPU.ActiveCfg = Release|Any CPU
		{E032AFFC-A6BA-4C95-8F9A-CA17A7B117F1}.Release|Any CPU.Build.0 = Release|Any CPU
		{5F4BC958-962E-4A36-8D99-6DF07FA1652C}.Debug|Any CPU.ActiveCfg = Debug|Any CPU
		{5F4BC958-962E-4A36-8D99-6DF07FA1652C}.Debug|Any CPU.Build.0 = Debug|Any CPU
		{5F4BC958-962E-4A36-8D99-6DF07FA1652C}.Release|Any CPU.ActiveCfg = Release|Any CPU
		{5F4BC958-962E-4A36-8D99-6DF07FA1652C}.Release|Any CPU.Build.0 = Release|Any CPU
		{D617CAF4-C65E-4FB8-8E45-72A9778C8464}.Debug|Any CPU.ActiveCfg = Debug|Any CPU
		{D617CAF4-C65E-4FB8-8E45-72A9778C8464}.Debug|Any CPU.Build.0 = Debug|Any CPU
		{D617CAF4-C65E-4FB8-8E45-72A9778C8464}.Release|Any CPU.ActiveCfg = Release|Any CPU
		{D617CAF4-C65E-4FB8-8E45-72A9778C8464}.Release|Any CPU.Build.0 = Release|Any CPU
		{89F86D91-9FDB-4FCB-B96B-330E87A10D5E}.Debug|Any CPU.ActiveCfg = Debug|Any CPU
		{89F86D91-9FDB-4FCB-B96B-330E87A10D5E}.Debug|Any CPU.Build.0 = Debug|Any CPU
		{89F86D91-9FDB-4FCB-B96B-330E87A10D5E}.Release|Any CPU.ActiveCfg = Release|Any CPU
		{89F86D91-9FDB-4FCB-B96B-330E87A10D5E}.Release|Any CPU.Build.0 = Release|Any CPU
		{56AC2B01-FF58-4E02-96DF-C661BB61E63B}.Debug|Any CPU.ActiveCfg = Debug|Any CPU
		{56AC2B01-FF58-4E02-96DF-C661BB61E63B}.Debug|Any CPU.Build.0 = Debug|Any CPU
		{56AC2B01-FF58-4E02-96DF-C661BB61E63B}.Release|Any CPU.ActiveCfg = Release|Any CPU
		{56AC2B01-FF58-4E02-96DF-C661BB61E63B}.Release|Any CPU.Build.0 = Release|Any CPU
		{3DBC3C18-9B22-48D7-B7DC-B3F1E1D79B9A}.Debug|Any CPU.ActiveCfg = Debug|Any CPU
		{3DBC3C18-9B22-48D7-B7DC-B3F1E1D79B9A}.Debug|Any CPU.Build.0 = Debug|Any CPU
		{3DBC3C18-9B22-48D7-B7DC-B3F1E1D79B9A}.Release|Any CPU.ActiveCfg = Release|Any CPU
		{3DBC3C18-9B22-48D7-B7DC-B3F1E1D79B9A}.Release|Any CPU.Build.0 = Release|Any CPU
		{F0E60D19-4EF1-4392-9FAD-C1060258989F}.Debug|Any CPU.ActiveCfg = Debug|Any CPU
		{F0E60D19-4EF1-4392-9FAD-C1060258989F}.Debug|Any CPU.Build.0 = Debug|Any CPU
		{F0E60D19-4EF1-4392-9FAD-C1060258989F}.Release|Any CPU.ActiveCfg = Release|Any CPU
		{F0E60D19-4EF1-4392-9FAD-C1060258989F}.Release|Any CPU.Build.0 = Release|Any CPU
		{8B48ADB6-757A-4334-AB19-DA4CB77B9B1E}.Debug|Any CPU.ActiveCfg = Debug|Any CPU
		{8B48ADB6-757A-4334-AB19-DA4CB77B9B1E}.Debug|Any CPU.Build.0 = Debug|Any CPU
		{8B48ADB6-757A-4334-AB19-DA4CB77B9B1E}.Release|Any CPU.ActiveCfg = Release|Any CPU
		{8B48ADB6-757A-4334-AB19-DA4CB77B9B1E}.Release|Any CPU.Build.0 = Release|Any CPU
		{CCB0B48F-25E2-40EA-A01D-86F218DEE535}.Debug|Any CPU.ActiveCfg = Debug|Any CPU
		{CCB0B48F-25E2-40EA-A01D-86F218DEE535}.Debug|Any CPU.Build.0 = Debug|Any CPU
		{CCB0B48F-25E2-40EA-A01D-86F218DEE535}.Release|Any CPU.ActiveCfg = Release|Any CPU
		{CCB0B48F-25E2-40EA-A01D-86F218DEE535}.Release|Any CPU.Build.0 = Release|Any CPU
		{7FDEC0F4-C7B9-4236-A7D9-AE0DCC5F393B}.Debug|Any CPU.ActiveCfg = Debug|Any CPU
		{7FDEC0F4-C7B9-4236-A7D9-AE0DCC5F393B}.Debug|Any CPU.Build.0 = Debug|Any CPU
		{7FDEC0F4-C7B9-4236-A7D9-AE0DCC5F393B}.Release|Any CPU.ActiveCfg = Release|Any CPU
		{7FDEC0F4-C7B9-4236-A7D9-AE0DCC5F393B}.Release|Any CPU.Build.0 = Release|Any CPU
		{96ED566B-ECDD-47F0-808D-6D3139E66FA1}.Debug|Any CPU.ActiveCfg = Debug|Any CPU
		{96ED566B-ECDD-47F0-808D-6D3139E66FA1}.Debug|Any CPU.Build.0 = Debug|Any CPU
		{96ED566B-ECDD-47F0-808D-6D3139E66FA1}.Release|Any CPU.ActiveCfg = Release|Any CPU
		{96ED566B-ECDD-47F0-808D-6D3139E66FA1}.Release|Any CPU.Build.0 = Release|Any CPU
		{78CAF872-FB65-4507-8AA2-90866F7545AB}.Debug|Any CPU.ActiveCfg = Debug|Any CPU
		{78CAF872-FB65-4507-8AA2-90866F7545AB}.Debug|Any CPU.Build.0 = Debug|Any CPU
		{78CAF872-FB65-4507-8AA2-90866F7545AB}.Release|Any CPU.ActiveCfg = Release|Any CPU
		{78CAF872-FB65-4507-8AA2-90866F7545AB}.Release|Any CPU.Build.0 = Release|Any CPU
		{B697A24D-81ED-4075-AC9E-4CC06714A145}.Debug|Any CPU.ActiveCfg = Debug|Any CPU
		{B697A24D-81ED-4075-AC9E-4CC06714A145}.Debug|Any CPU.Build.0 = Debug|Any CPU
		{B697A24D-81ED-4075-AC9E-4CC06714A145}.Release|Any CPU.ActiveCfg = Release|Any CPU
		{B697A24D-81ED-4075-AC9E-4CC06714A145}.Release|Any CPU.Build.0 = Release|Any CPU
		{EEAD72F5-83A6-4775-A31C-B6DA3BF69A95}.Debug|Any CPU.ActiveCfg = Debug|Any CPU
		{EEAD72F5-83A6-4775-A31C-B6DA3BF69A95}.Debug|Any CPU.Build.0 = Debug|Any CPU
		{EEAD72F5-83A6-4775-A31C-B6DA3BF69A95}.Release|Any CPU.ActiveCfg = Release|Any CPU
		{EEAD72F5-83A6-4775-A31C-B6DA3BF69A95}.Release|Any CPU.Build.0 = Release|Any CPU
		{55D7EF14-86C0-4E36-9DB8-B5500F7C4271}.Debug|Any CPU.ActiveCfg = Debug|Any CPU
		{55D7EF14-86C0-4E36-9DB8-B5500F7C4271}.Debug|Any CPU.Build.0 = Debug|Any CPU
		{55D7EF14-86C0-4E36-9DB8-B5500F7C4271}.Release|Any CPU.ActiveCfg = Release|Any CPU
		{55D7EF14-86C0-4E36-9DB8-B5500F7C4271}.Release|Any CPU.Build.0 = Release|Any CPU
		{910757ED-8189-4E9E-ABED-B2E433E79642}.Debug|Any CPU.ActiveCfg = Debug|Any CPU
		{910757ED-8189-4E9E-ABED-B2E433E79642}.Debug|Any CPU.Build.0 = Debug|Any CPU
		{910757ED-8189-4E9E-ABED-B2E433E79642}.Release|Any CPU.ActiveCfg = Release|Any CPU
		{910757ED-8189-4E9E-ABED-B2E433E79642}.Release|Any CPU.Build.0 = Release|Any CPU
		{CB4DA355-2352-4464-91B2-6F5C39E2B0A5}.Debug|Any CPU.ActiveCfg = Debug|Any CPU
		{CB4DA355-2352-4464-91B2-6F5C39E2B0A5}.Debug|Any CPU.Build.0 = Debug|Any CPU
		{CB4DA355-2352-4464-91B2-6F5C39E2B0A5}.Release|Any CPU.ActiveCfg = Release|Any CPU
		{CB4DA355-2352-4464-91B2-6F5C39E2B0A5}.Release|Any CPU.Build.0 = Release|Any CPU
	EndGlobalSection
	GlobalSection(SolutionProperties) = preSolution
		HideSolutionNode = FALSE
	EndGlobalSection
	GlobalSection(NestedProjects) = preSolution
		{32293B6C-CB56-40D3-B760-193EB816787E} = {9796A555-F5B1-40E8-8FEE-638E74F876E0}
		{F3A90998-CDE2-40AA-BD00-1C3E87E10292} = {36115D13-E085-4B18-8CCA-6857223DB2AB}
		{726A2C63-581C-4C59-8688-C14F1467FD07} = {36115D13-E085-4B18-8CCA-6857223DB2AB}
		{D1BAEA35-BB1D-489D-9973-C03E6CA1511A} = {36115D13-E085-4B18-8CCA-6857223DB2AB}
		{8DBF1C79-4587-44E7-8B94-17E13DF7DBF7} = {36115D13-E085-4B18-8CCA-6857223DB2AB}
		{3993EA51-A23E-436F-8965-F7E5F400E4CB} = {36115D13-E085-4B18-8CCA-6857223DB2AB}
		{E032AFFC-A6BA-4C95-8F9A-CA17A7B117F1} = {36115D13-E085-4B18-8CCA-6857223DB2AB}
		{5F4BC958-962E-4A36-8D99-6DF07FA1652C} = {36115D13-E085-4B18-8CCA-6857223DB2AB}
		{D617CAF4-C65E-4FB8-8E45-72A9778C8464} = {36115D13-E085-4B18-8CCA-6857223DB2AB}
		{89F86D91-9FDB-4FCB-B96B-330E87A10D5E} = {36115D13-E085-4B18-8CCA-6857223DB2AB}
		{56AC2B01-FF58-4E02-96DF-C661BB61E63B} = {36115D13-E085-4B18-8CCA-6857223DB2AB}
		{3DBC3C18-9B22-48D7-B7DC-B3F1E1D79B9A} = {36115D13-E085-4B18-8CCA-6857223DB2AB}
		{F0E60D19-4EF1-4392-9FAD-C1060258989F} = {0C2BB37C-A655-47E1-8721-2C8494344B6B}
		{8B48ADB6-757A-4334-AB19-DA4CB77B9B1E} = {73DE656A-EC9B-4E02-895B-C06D8D6B5EE5}
		{CCB0B48F-25E2-40EA-A01D-86F218DEE535} = {73DE656A-EC9B-4E02-895B-C06D8D6B5EE5}
		{7FDEC0F4-C7B9-4236-A7D9-AE0DCC5F393B} = {73DE656A-EC9B-4E02-895B-C06D8D6B5EE5}
		{96ED566B-ECDD-47F0-808D-6D3139E66FA1} = {69A346EC-2F4C-41DB-9506-F76BF8D7B5E6}
		{78CAF872-FB65-4507-8AA2-90866F7545AB} = {0C2BB37C-A655-47E1-8721-2C8494344B6B}
		{B697A24D-81ED-4075-AC9E-4CC06714A145} = {36115D13-E085-4B18-8CCA-6857223DB2AB}
		{EEAD72F5-83A6-4775-A31C-B6DA3BF69A95} = {0C2BB37C-A655-47E1-8721-2C8494344B6B}
		{55D7EF14-86C0-4E36-9DB8-B5500F7C4271} = {69A346EC-2F4C-41DB-9506-F76BF8D7B5E6}
		{910757ED-8189-4E9E-ABED-B2E433E79642} = {69A346EC-2F4C-41DB-9506-F76BF8D7B5E6}
		{CB4DA355-2352-4464-91B2-6F5C39E2B0A5} = {69A346EC-2F4C-41DB-9506-F76BF8D7B5E6}
	EndGlobalSection
	GlobalSection(ExtensibilityGlobals) = postSolution
		SolutionGuid = {6E1DB9E2-2E03-4480-A307-2CEF29BDC7FD}
	EndGlobalSection
EndGlobal
